// !$*UTF8*$!
{
	archiveVersion = 1;
	classes = {
	};
	objectVersion = 77;
	objects = {

/* Begin PBXBuildFile section */
		E518A2942D4632000071936E /* .gitignore in Resources */ = {isa = PBXBuildFile; fileRef = E518A2932D4631FB0071936E /* .gitignore */; };
/* End PBXBuildFile section */

/* Begin PBXContainerItemProxy section */
		E5ED0DC52D3E157400EDF0D4 /* PBXContainerItemProxy */ = {
			isa = PBXContainerItemProxy;
			containerPortal = E5ED0DA72D3E157200EDF0D4 /* Project object */;
			proxyType = 1;
			remoteGlobalIDString = E5ED0DAE2D3E157200EDF0D4;
			remoteInfo = BookCat;
		};
		E5ED0DCF2D3E157400EDF0D4 /* PBXContainerItemProxy */ = {
			isa = PBXContainerItemProxy;
			containerPortal = E5ED0DA72D3E157200EDF0D4 /* Project object */;
			proxyType = 1;
			remoteGlobalIDString = E5ED0DAE2D3E157200EDF0D4;
			remoteInfo = BookCat;
		};
/* End PBXContainerItemProxy section */

/* Begin PBXFileReference section */
		E518A2932D4631FB0071936E /* .gitignore */ = {isa = PBXFileReference; lastKnownFileType = text; path = .gitignore; sourceTree = "<group>"; };
		E5ED0DAF2D3E157200EDF0D4 /* BookCat.app */ = {isa = PBXFileReference; explicitFileType = wrapper.application; includeInIndex = 0; path = BookCat.app; sourceTree = BUILT_PRODUCTS_DIR; };
		E5ED0DC42D3E157400EDF0D4 /* BookCatTests.xctest */ = {isa = PBXFileReference; explicitFileType = wrapper.cfbundle; includeInIndex = 0; path = BookCatTests.xctest; sourceTree = BUILT_PRODUCTS_DIR; };
		E5ED0DCE2D3E157400EDF0D4 /* BookCatUITests.xctest */ = {isa = PBXFileReference; explicitFileType = wrapper.cfbundle; includeInIndex = 0; path = BookCatUITests.xctest; sourceTree = BUILT_PRODUCTS_DIR; };
/* End PBXFileReference section */

/* Begin PBXFileSystemSynchronizedBuildFileExceptionSet section */
		E5ED0DE92D3E172500EDF0D4 /* Exceptions for "BookCat" folder in "BookCat" target */ = {
			isa = PBXFileSystemSynchronizedBuildFileExceptionSet;
			membershipExceptions = (
				Info.plist,
			);
			target = E5ED0DAE2D3E157200EDF0D4 /* BookCat */;
		};
/* End PBXFileSystemSynchronizedBuildFileExceptionSet section */

/* Begin PBXFileSystemSynchronizedGroupBuildPhaseMembershipExceptionSet section */
		E518A29C2D46343E0071936E /* Exceptions for "BookCat" folder in "Compile Sources" phase from "BookCat" target */ = {
			isa = PBXFileSystemSynchronizedGroupBuildPhaseMembershipExceptionSet;
			buildPhase = E5ED0DAB2D3E157200EDF0D4 /* Sources */;
			membershipExceptions = (
				.env,
			);
		};
/* End PBXFileSystemSynchronizedGroupBuildPhaseMembershipExceptionSet section */

/* Begin PBXFileSystemSynchronizedRootGroup section */
		E5ED0DB12D3E157200EDF0D4 /* BookCat */ = {
			isa = PBXFileSystemSynchronizedRootGroup;
			exceptions = (
				E5ED0DE92D3E172500EDF0D4 /* Exceptions for "BookCat" folder in "BookCat" target */,
				E518A29C2D46343E0071936E /* Exceptions for "BookCat" folder in "Compile Sources" phase from "BookCat" target */,
			);
			path = BookCat;
			sourceTree = "<group>";
		};
		E5ED0DC72D3E157400EDF0D4 /* BookCatTests */ = {
			isa = PBXFileSystemSynchronizedRootGroup;
			path = BookCatTests;
			sourceTree = "<group>";
		};
		E5ED0DD12D3E157400EDF0D4 /* BookCatUITests */ = {
			isa = PBXFileSystemSynchronizedRootGroup;
			path = BookCatUITests;
			sourceTree = "<group>";
		};
/* End PBXFileSystemSynchronizedRootGroup section */

/* Begin PBXFrameworksBuildPhase section */
		E5ED0DAC2D3E157200EDF0D4 /* Frameworks */ = {
			isa = PBXFrameworksBuildPhase;
			buildActionMask = 2147483647;
			files = (
			);
			runOnlyForDeploymentPostprocessing = 0;
		};
		E5ED0DC12D3E157400EDF0D4 /* Frameworks */ = {
			isa = PBXFrameworksBuildPhase;
			buildActionMask = 2147483647;
			files = (
			);
			runOnlyForDeploymentPostprocessing = 0;
		};
		E5ED0DCB2D3E157400EDF0D4 /* Frameworks */ = {
			isa = PBXFrameworksBuildPhase;
			buildActionMask = 2147483647;
			files = (
			);
			runOnlyForDeploymentPostprocessing = 0;
		};
/* End PBXFrameworksBuildPhase section */

/* Begin PBXGroup section */
		E5ED0DA62D3E157200EDF0D4 = {
			isa = PBXGroup;
			children = (
				E518A2932D4631FB0071936E /* .gitignore */,
				E5ED0DB12D3E157200EDF0D4 /* BookCat */,
				E5ED0DC72D3E157400EDF0D4 /* BookCatTests */,
				E5ED0DD12D3E157400EDF0D4 /* BookCatUITests */,
				E5ED0DB02D3E157200EDF0D4 /* Products */,
			);
			sourceTree = "<group>";
		};
		E5ED0DB02D3E157200EDF0D4 /* Products */ = {
			isa = PBXGroup;
			children = (
				E5ED0DAF2D3E157200EDF0D4 /* BookCat.app */,
				E5ED0DC42D3E157400EDF0D4 /* BookCatTests.xctest */,
				E5ED0DCE2D3E157400EDF0D4 /* BookCatUITests.xctest */,
			);
			name = Products;
			sourceTree = "<group>";
		};
/* End PBXGroup section */

/* Begin PBXNativeTarget section */
		E5ED0DAE2D3E157200EDF0D4 /* BookCat */ = {
			isa = PBXNativeTarget;
			buildConfigurationList = E5ED0DD82D3E157400EDF0D4 /* Build configuration list for PBXNativeTarget "BookCat" */;
			buildPhases = (
				E5ED0DAB2D3E157200EDF0D4 /* Sources */,
				E5ED0DAC2D3E157200EDF0D4 /* Frameworks */,
				E5ED0DAD2D3E157200EDF0D4 /* Resources */,
			);
			buildRules = (
			);
			dependencies = (
			);
			fileSystemSynchronizedGroups = (
				E5ED0DB12D3E157200EDF0D4 /* BookCat */,
			);
			name = BookCat;
			packageProductDependencies = (
			);
			productName = BookCat;
			productReference = E5ED0DAF2D3E157200EDF0D4 /* BookCat.app */;
			productType = "com.apple.product-type.application";
		};
		E5ED0DC32D3E157400EDF0D4 /* BookCatTests */ = {
			isa = PBXNativeTarget;
			buildConfigurationList = E5ED0DDB2D3E157400EDF0D4 /* Build configuration list for PBXNativeTarget "BookCatTests" */;
			buildPhases = (
				E5ED0DC02D3E157400EDF0D4 /* Sources */,
				E5ED0DC12D3E157400EDF0D4 /* Frameworks */,
				E5ED0DC22D3E157400EDF0D4 /* Resources */,
			);
			buildRules = (
			);
			dependencies = (
				E5ED0DC62D3E157400EDF0D4 /* PBXTargetDependency */,
			);
			fileSystemSynchronizedGroups = (
				E5ED0DC72D3E157400EDF0D4 /* BookCatTests */,
			);
			name = BookCatTests;
			packageProductDependencies = (
			);
			productName = BookCatTests;
			productReference = E5ED0DC42D3E157400EDF0D4 /* BookCatTests.xctest */;
			productType = "com.apple.product-type.bundle.unit-test";
		};
		E5ED0DCD2D3E157400EDF0D4 /* BookCatUITests */ = {
			isa = PBXNativeTarget;
			buildConfigurationList = E5ED0DDE2D3E157400EDF0D4 /* Build configuration list for PBXNativeTarget "BookCatUITests" */;
			buildPhases = (
				E5ED0DCA2D3E157400EDF0D4 /* Sources */,
				E5ED0DCB2D3E157400EDF0D4 /* Frameworks */,
				E5ED0DCC2D3E157400EDF0D4 /* Resources */,
			);
			buildRules = (
			);
			dependencies = (
				E5ED0DD02D3E157400EDF0D4 /* PBXTargetDependency */,
			);
			fileSystemSynchronizedGroups = (
				E5ED0DD12D3E157400EDF0D4 /* BookCatUITests */,
			);
			name = BookCatUITests;
			packageProductDependencies = (
			);
			productName = BookCatUITests;
			productReference = E5ED0DCE2D3E157400EDF0D4 /* BookCatUITests.xctest */;
			productType = "com.apple.product-type.bundle.ui-testing";
		};
/* End PBXNativeTarget section */

/* Begin PBXProject section */
		E5ED0DA72D3E157200EDF0D4 /* Project object */ = {
			isa = PBXProject;
			attributes = {
				BuildIndependentTargetsInParallel = 1;
				LastSwiftUpdateCheck = 1620;
				LastUpgradeCheck = 1620;
				TargetAttributes = {
					E5ED0DAE2D3E157200EDF0D4 = {
						CreatedOnToolsVersion = 16.2;
					};
					E5ED0DC32D3E157400EDF0D4 = {
						CreatedOnToolsVersion = 16.2;
						TestTargetID = E5ED0DAE2D3E157200EDF0D4;
					};
					E5ED0DCD2D3E157400EDF0D4 = {
						CreatedOnToolsVersion = 16.2;
						TestTargetID = E5ED0DAE2D3E157200EDF0D4;
					};
				};
			};
			buildConfigurationList = E5ED0DAA2D3E157200EDF0D4 /* Build configuration list for PBXProject "BookCat" */;
			developmentRegion = en;
			hasScannedForEncodings = 0;
			knownRegions = (
				en,
				Base,
			);
			mainGroup = E5ED0DA62D3E157200EDF0D4;
			minimizedProjectReferenceProxies = 1;
			preferredProjectObjectVersion = 77;
			productRefGroup = E5ED0DB02D3E157200EDF0D4 /* Products */;
			projectDirPath = "";
			projectRoot = "";
			targets = (
				E5ED0DAE2D3E157200EDF0D4 /* BookCat */,
				E5ED0DC32D3E157400EDF0D4 /* BookCatTests */,
				E5ED0DCD2D3E157400EDF0D4 /* BookCatUITests */,
			);
		};
/* End PBXProject section */

/* Begin PBXResourcesBuildPhase section */
		E5ED0DAD2D3E157200EDF0D4 /* Resources */ = {
			isa = PBXResourcesBuildPhase;
			buildActionMask = 2147483647;
			files = (
				E518A2942D4632000071936E /* .gitignore in Resources */,
			);
			runOnlyForDeploymentPostprocessing = 0;
		};
		E5ED0DC22D3E157400EDF0D4 /* Resources */ = {
			isa = PBXResourcesBuildPhase;
			buildActionMask = 2147483647;
			files = (
			);
			runOnlyForDeploymentPostprocessing = 0;
		};
		E5ED0DCC2D3E157400EDF0D4 /* Resources */ = {
			isa = PBXResourcesBuildPhase;
			buildActionMask = 2147483647;
			files = (
			);
			runOnlyForDeploymentPostprocessing = 0;
		};
/* End PBXResourcesBuildPhase section */

/* Begin PBXSourcesBuildPhase section */
		E5ED0DAB2D3E157200EDF0D4 /* Sources */ = {
			isa = PBXSourcesBuildPhase;
			buildActionMask = 2147483647;
			files = (
			);
			runOnlyForDeploymentPostprocessing = 0;
		};
		E5ED0DC02D3E157400EDF0D4 /* Sources */ = {
			isa = PBXSourcesBuildPhase;
			buildActionMask = 2147483647;
			files = (
			);
			runOnlyForDeploymentPostprocessing = 0;
		};
		E5ED0DCA2D3E157400EDF0D4 /* Sources */ = {
			isa = PBXSourcesBuildPhase;
			buildActionMask = 2147483647;
			files = (
			);
			runOnlyForDeploymentPostprocessing = 0;
		};
/* End PBXSourcesBuildPhase section */

/* Begin PBXTargetDependency section */
		E5ED0DC62D3E157400EDF0D4 /* PBXTargetDependency */ = {
			isa = PBXTargetDependency;
			target = E5ED0DAE2D3E157200EDF0D4 /* BookCat */;
			targetProxy = E5ED0DC52D3E157400EDF0D4 /* PBXContainerItemProxy */;
		};
		E5ED0DD02D3E157400EDF0D4 /* PBXTargetDependency */ = {
			isa = PBXTargetDependency;
			target = E5ED0DAE2D3E157200EDF0D4 /* BookCat */;
			targetProxy = E5ED0DCF2D3E157400EDF0D4 /* PBXContainerItemProxy */;
		};
/* End PBXTargetDependency section */

/* Begin XCBuildConfiguration section */
		E5ED0DD62D3E157400EDF0D4 /* Debug */ = {
			isa = XCBuildConfiguration;
			buildSettings = {
				ALWAYS_SEARCH_USER_PATHS = NO;
				ASSETCATALOG_COMPILER_GENERATE_SWIFT_ASSET_SYMBOL_EXTENSIONS = YES;
				CLANG_ANALYZER_NONNULL = YES;
				CLANG_ANALYZER_NUMBER_OBJECT_CONVERSION = YES_AGGRESSIVE;
				CLANG_CXX_LANGUAGE_STANDARD = "gnu++20";
				CLANG_ENABLE_MODULES = YES;
				CLANG_ENABLE_OBJC_ARC = YES;
				CLANG_ENABLE_OBJC_WEAK = YES;
				CLANG_WARN_BLOCK_CAPTURE_AUTORELEASING = YES;
				CLANG_WARN_BOOL_CONVERSION = YES;
				CLANG_WARN_COMMA = YES;
				CLANG_WARN_CONSTANT_CONVERSION = YES;
				CLANG_WARN_DEPRECATED_OBJC_IMPLEMENTATIONS = YES;
				CLANG_WARN_DIRECT_OBJC_ISA_USAGE = YES_ERROR;
				CLANG_WARN_DOCUMENTATION_COMMENTS = YES;
				CLANG_WARN_EMPTY_BODY = YES;
				CLANG_WARN_ENUM_CONVERSION = YES;
				CLANG_WARN_INFINITE_RECURSION = YES;
				CLANG_WARN_INT_CONVERSION = YES;
				CLANG_WARN_NON_LITERAL_NULL_CONVERSION = YES;
				CLANG_WARN_OBJC_IMPLICIT_RETAIN_SELF = YES;
				CLANG_WARN_OBJC_LITERAL_CONVERSION = YES;
				CLANG_WARN_OBJC_ROOT_CLASS = YES_ERROR;
				CLANG_WARN_QUOTED_INCLUDE_IN_FRAMEWORK_HEADER = YES;
				CLANG_WARN_RANGE_LOOP_ANALYSIS = YES;
				CLANG_WARN_STRICT_PROTOTYPES = YES;
				CLANG_WARN_SUSPICIOUS_MOVE = YES;
				CLANG_WARN_UNGUARDED_AVAILABILITY = YES_AGGRESSIVE;
				CLANG_WARN_UNREACHABLE_CODE = YES;
				CLANG_WARN__DUPLICATE_METHOD_MATCH = YES;
				COPY_PHASE_STRIP = NO;
				DEBUG_INFORMATION_FORMAT = dwarf;
				ENABLE_STRICT_OBJC_MSGSEND = YES;
				ENABLE_TESTABILITY = YES;
				ENABLE_USER_SCRIPT_SANDBOXING = YES;
				GCC_C_LANGUAGE_STANDARD = gnu17;
				GCC_DYNAMIC_NO_PIC = NO;
				GCC_NO_COMMON_BLOCKS = YES;
				GCC_OPTIMIZATION_LEVEL = 0;
				GCC_PREPROCESSOR_DEFINITIONS = (
					"DEBUG=1",
					"$(inherited)",
				);
				GCC_WARN_64_TO_32_BIT_CONVERSION = YES;
				GCC_WARN_ABOUT_RETURN_TYPE = YES_ERROR;
				GCC_WARN_UNDECLARED_SELECTOR = YES;
				GCC_WARN_UNINITIALIZED_AUTOS = YES_AGGRESSIVE;
				GCC_WARN_UNUSED_FUNCTION = YES;
				GCC_WARN_UNUSED_VARIABLE = YES;
				IPHONEOS_DEPLOYMENT_TARGET = 18.2;
				LOCALIZATION_PREFERS_STRING_CATALOGS = YES;
				MTL_ENABLE_DEBUG_INFO = INCLUDE_SOURCE;
				MTL_FAST_MATH = YES;
				ONLY_ACTIVE_ARCH = YES;
				SDKROOT = iphoneos;
				SWIFT_ACTIVE_COMPILATION_CONDITIONS = "DEBUG $(inherited)";
				SWIFT_OPTIMIZATION_LEVEL = "-Onone";
			};
			name = Debug;
		};
		E5ED0DD72D3E157400EDF0D4 /* Release */ = {
			isa = XCBuildConfiguration;
			buildSettings = {
				ALWAYS_SEARCH_USER_PATHS = NO;
				ASSETCATALOG_COMPILER_GENERATE_SWIFT_ASSET_SYMBOL_EXTENSIONS = YES;
				CLANG_ANALYZER_NONNULL = YES;
				CLANG_ANALYZER_NUMBER_OBJECT_CONVERSION = YES_AGGRESSIVE;
				CLANG_CXX_LANGUAGE_STANDARD = "gnu++20";
				CLANG_ENABLE_MODULES = YES;
				CLANG_ENABLE_OBJC_ARC = YES;
				CLANG_ENABLE_OBJC_WEAK = YES;
				CLANG_WARN_BLOCK_CAPTURE_AUTORELEASING = YES;
				CLANG_WARN_BOOL_CONVERSION = YES;
				CLANG_WARN_COMMA = YES;
				CLANG_WARN_CONSTANT_CONVERSION = YES;
				CLANG_WARN_DEPRECATED_OBJC_IMPLEMENTATIONS = YES;
				CLANG_WARN_DIRECT_OBJC_ISA_USAGE = YES_ERROR;
				CLANG_WARN_DOCUMENTATION_COMMENTS = YES;
				CLANG_WARN_EMPTY_BODY = YES;
				CLANG_WARN_ENUM_CONVERSION = YES;
				CLANG_WARN_INFINITE_RECURSION = YES;
				CLANG_WARN_INT_CONVERSION = YES;
				CLANG_WARN_NON_LITERAL_NULL_CONVERSION = YES;
				CLANG_WARN_OBJC_IMPLICIT_RETAIN_SELF = YES;
				CLANG_WARN_OBJC_LITERAL_CONVERSION = YES;
				CLANG_WARN_OBJC_ROOT_CLASS = YES_ERROR;
				CLANG_WARN_QUOTED_INCLUDE_IN_FRAMEWORK_HEADER = YES;
				CLANG_WARN_RANGE_LOOP_ANALYSIS = YES;
				CLANG_WARN_STRICT_PROTOTYPES = YES;
				CLANG_WARN_SUSPICIOUS_MOVE = YES;
				CLANG_WARN_UNGUARDED_AVAILABILITY = YES_AGGRESSIVE;
				CLANG_WARN_UNREACHABLE_CODE = YES;
				CLANG_WARN__DUPLICATE_METHOD_MATCH = YES;
				COPY_PHASE_STRIP = NO;
				DEBUG_INFORMATION_FORMAT = "dwarf-with-dsym";
				ENABLE_NS_ASSERTIONS = NO;
				ENABLE_STRICT_OBJC_MSGSEND = YES;
				ENABLE_USER_SCRIPT_SANDBOXING = YES;
				GCC_C_LANGUAGE_STANDARD = gnu17;
				GCC_NO_COMMON_BLOCKS = YES;
				GCC_WARN_64_TO_32_BIT_CONVERSION = YES;
				GCC_WARN_ABOUT_RETURN_TYPE = YES_ERROR;
				GCC_WARN_UNDECLARED_SELECTOR = YES;
				GCC_WARN_UNINITIALIZED_AUTOS = YES_AGGRESSIVE;
				GCC_WARN_UNUSED_FUNCTION = YES;
				GCC_WARN_UNUSED_VARIABLE = YES;
				IPHONEOS_DEPLOYMENT_TARGET = 18.2;
				LOCALIZATION_PREFERS_STRING_CATALOGS = YES;
				MTL_ENABLE_DEBUG_INFO = NO;
				MTL_FAST_MATH = YES;
				SDKROOT = iphoneos;
				SWIFT_COMPILATION_MODE = wholemodule;
				VALIDATE_PRODUCT = YES;
			};
			name = Release;
		};
		E5ED0DD92D3E157400EDF0D4 /* Debug */ = {
			isa = XCBuildConfiguration;
			buildSettings = {
				ASSETCATALOG_COMPILER_APPICON_NAME = AppIcon;
				ASSETCATALOG_COMPILER_GLOBAL_ACCENT_COLOR_NAME = AccentColor;
				CODE_SIGN_STYLE = Automatic;
				CURRENT_PROJECT_VERSION = 1;
				DEVELOPMENT_ASSET_PATHS = "\"BookCat/Preview Content\"";
				DEVELOPMENT_TEAM = H856SYKNM8;
				ENABLE_PREVIEWS = YES;
				GENERATE_INFOPLIST_FILE = YES;
				INFOPLIST_FILE = BookCat/Info.plist;
				INFOPLIST_KEY_UIApplicationSceneManifest_Generation = YES;
				INFOPLIST_KEY_UIApplicationSupportsIndirectInputEvents = YES;
				INFOPLIST_KEY_UILaunchScreen_Generation = YES;
				INFOPLIST_KEY_UISupportedInterfaceOrientations_iPad = "UIInterfaceOrientationPortrait UIInterfaceOrientationPortraitUpsideDown UIInterfaceOrientationLandscapeLeft UIInterfaceOrientationLandscapeRight";
				INFOPLIST_KEY_UISupportedInterfaceOrientations_iPhone = "UIInterfaceOrientationPortrait UIInterfaceOrientationLandscapeLeft UIInterfaceOrientationLandscapeRight";
				LD_RUNPATH_SEARCH_PATHS = (
					"$(inherited)",
					"@executable_path/Frameworks",
				);
				MARKETING_VERSION = 1.0;
				PRODUCT_BUNDLE_IDENTIFIER = com.bookcat.test;
				PRODUCT_NAME = "$(TARGET_NAME)";
				SWIFT_EMIT_LOC_STRINGS = YES;
				SWIFT_VERSION = 5.0;
				TARGETED_DEVICE_FAMILY = "1,2";
			};
			name = Debug;
		};
		E5ED0DDA2D3E157400EDF0D4 /* Release */ = {
			isa = XCBuildConfiguration;
			buildSettings = {
				ASSETCATALOG_COMPILER_APPICON_NAME = AppIcon;
				ASSETCATALOG_COMPILER_GLOBAL_ACCENT_COLOR_NAME = AccentColor;
				CODE_SIGN_STYLE = Automatic;
				CURRENT_PROJECT_VERSION = 1;
				DEVELOPMENT_ASSET_PATHS = "\"BookCat/Preview Content\"";
				DEVELOPMENT_TEAM = H856SYKNM8;
				ENABLE_PREVIEWS = YES;
				GENERATE_INFOPLIST_FILE = YES;
				INFOPLIST_FILE = BookCat/Info.plist;
				INFOPLIST_KEY_UIApplicationSceneManifest_Generation = YES;
				INFOPLIST_KEY_UIApplicationSupportsIndirectInputEvents = YES;
				INFOPLIST_KEY_UILaunchScreen_Generation = YES;
				INFOPLIST_KEY_UISupportedInterfaceOrientations_iPad = "UIInterfaceOrientationPortrait UIInterfaceOrientationPortraitUpsideDown UIInterfaceOrientationLandscapeLeft UIInterfaceOrientationLandscapeRight";
				INFOPLIST_KEY_UISupportedInterfaceOrientations_iPhone = "UIInterfaceOrientationPortrait UIInterfaceOrientationLandscapeLeft UIInterfaceOrientationLandscapeRight";
				LD_RUNPATH_SEARCH_PATHS = (
					"$(inherited)",
					"@executable_path/Frameworks",
				);
				MARKETING_VERSION = 1.0;
				PRODUCT_BUNDLE_IDENTIFIER = com.bookcat.test;
				PRODUCT_NAME = "$(TARGET_NAME)";
				SWIFT_EMIT_LOC_STRINGS = YES;
				SWIFT_VERSION = 5.0;
				TARGETED_DEVICE_FAMILY = "1,2";
			};
			name = Release;
		};
		E5ED0DDC2D3E157400EDF0D4 /* Debug */ = {
			isa = XCBuildConfiguration;
			buildSettings = {
				BUNDLE_LOADER = "$(TEST_HOST)";
				CODE_SIGN_STYLE = Automatic;
				CURRENT_PROJECT_VERSION = 1;
				DEVELOPMENT_TEAM = H856SYKNM8;
				GENERATE_INFOPLIST_FILE = YES;
				IPHONEOS_DEPLOYMENT_TARGET = 18.2;
				MARKETING_VERSION = 1.0;
				PRODUCT_BUNDLE_IDENTIFIER = neoself.BookCatTests;
				PRODUCT_NAME = "$(TARGET_NAME)";
				SWIFT_EMIT_LOC_STRINGS = NO;
				SWIFT_VERSION = 5.0;
				TARGETED_DEVICE_FAMILY = "1,2";
				TEST_HOST = "$(BUILT_PRODUCTS_DIR)/BookCat.app/$(BUNDLE_EXECUTABLE_FOLDER_PATH)/BookCat";
			};
			name = Debug;
		};
		E5ED0DDD2D3E157400EDF0D4 /* Release */ = {
			isa = XCBuildConfiguration;
			buildSettings = {
				BUNDLE_LOADER = "$(TEST_HOST)";
				CODE_SIGN_STYLE = Automatic;
				CURRENT_PROJECT_VERSION = 1;
				DEVELOPMENT_TEAM = H856SYKNM8;
				GENERATE_INFOPLIST_FILE = YES;
				IPHONEOS_DEPLOYMENT_TARGET = 18.2;
				MARKETING_VERSION = 1.0;
				PRODUCT_BUNDLE_IDENTIFIER = neoself.BookCatTests;
				PRODUCT_NAME = "$(TARGET_NAME)";
				SWIFT_EMIT_LOC_STRINGS = NO;
				SWIFT_VERSION = 5.0;
				TARGETED_DEVICE_FAMILY = "1,2";
				TEST_HOST = "$(BUILT_PRODUCTS_DIR)/BookCat.app/$(BUNDLE_EXECUTABLE_FOLDER_PATH)/BookCat";
			};
			name = Release;
		};
		E5ED0DDF2D3E157400EDF0D4 /* Debug */ = {
			isa = XCBuildConfiguration;
			buildSettings = {
				CODE_SIGN_STYLE = Automatic;
				CURRENT_PROJECT_VERSION = 1;
				DEVELOPMENT_TEAM = H856SYKNM8;
				GENERATE_INFOPLIST_FILE = YES;
				MARKETING_VERSION = 1.0;
				PRODUCT_BUNDLE_IDENTIFIER = neoself.BookCatUITests;
				PRODUCT_NAME = "$(TARGET_NAME)";
				SWIFT_EMIT_LOC_STRINGS = NO;
				SWIFT_VERSION = 5.0;
				TARGETED_DEVICE_FAMILY = "1,2";
				TEST_TARGET_NAME = BookCat;
			};
			name = Debug;
		};
		E5ED0DE02D3E157400EDF0D4 /* Release */ = {
			isa = XCBuildConfiguration;
			buildSettings = {
				CODE_SIGN_STYLE = Automatic;
				CURRENT_PROJECT_VERSION = 1;
				DEVELOPMENT_TEAM = H856SYKNM8;
				GENERATE_INFOPLIST_FILE = YES;
				MARKETING_VERSION = 1.0;
				PRODUCT_BUNDLE_IDENTIFIER = neoself.BookCatUITests;
				PRODUCT_NAME = "$(TARGET_NAME)";
				SWIFT_EMIT_LOC_STRINGS = NO;
				SWIFT_VERSION = 5.0;
				TARGETED_DEVICE_FAMILY = "1,2";
				TEST_TARGET_NAME = BookCat;
			};
			name = Release;
		};
/* End XCBuildConfiguration section */

/* Begin XCConfigurationList section */
		E5ED0DAA2D3E157200EDF0D4 /* Build configuration list for PBXProject "BookCat" */ = {
			isa = XCConfigurationList;
			buildConfigurations = (
				E5ED0DD62D3E157400EDF0D4 /* Debug */,
				E5ED0DD72D3E157400EDF0D4 /* Release */,
			);
			defaultConfigurationIsVisible = 0;
			defaultConfigurationName = Release;
		};
		E5ED0DD82D3E157400EDF0D4 /* Build configuration list for PBXNativeTarget "BookCat" */ = {
			isa = XCConfigurationList;
			buildConfigurations = (
				E5ED0DD92D3E157400EDF0D4 /* Debug */,
				E5ED0DDA2D3E157400EDF0D4 /* Release */,
			);
			defaultConfigurationIsVisible = 0;
			defaultConfigurationName = Release;
		};
		E5ED0DDB2D3E157400EDF0D4 /* Build configuration list for PBXNativeTarget "BookCatTests" */ = {
			isa = XCConfigurationList;
			buildConfigurations = (
				E5ED0DDC2D3E157400EDF0D4 /* Debug */,
				E5ED0DDD2D3E157400EDF0D4 /* Release */,
			);
			defaultConfigurationIsVisible = 0;
			defaultConfigurationName = Release;
		};
		E5ED0DDE2D3E157400EDF0D4 /* Build configuration list for PBXNativeTarget "BookCatUITests" */ = {
			isa = XCConfigurationList;
			buildConfigurations = (
				E5ED0DDF2D3E157400EDF0D4 /* Debug */,
				E5ED0DE02D3E157400EDF0D4 /* Release */,
			);
			defaultConfigurationIsVisible = 0;
			defaultConfigurationName = Release;
		};
/* End XCConfigurationList section */
	};
	rootObject = E5ED0DA72D3E157200EDF0D4 /* Project object */;
}
